// !$*UTF8*$!
{
	archiveVersion = 1;
	classes = {
	};
	objectVersion = 50;
	objects = {

/* Begin PBXBuildFile section */
		5E483EE522AD13D9009ACD69 /* MDConfig.plist in Resources */ = {isa = PBXBuildFile; fileRef = 5E483EE422AD13D9009ACD69 /* MDConfig.plist */; };
		5E483EEF22AD13D9009ACD69 /* libWeChat_TestDylib.dylib in CopyFiles */ = {isa = PBXBuildFile; fileRef = 5E483EEE22AD13D9009ACD69 /* libWeChat_TestDylib.dylib */; settings = {ATTRIBUTES = (CodeSignOnCopy, ); }; };
		5E483EF422AD13D9009ACD69 /* JavaScriptCore.framework in Frameworks */ = {isa = PBXBuildFile; fileRef = 5E483EF322AD13D9009ACD69 /* JavaScriptCore.framework */; };
		5E483EF622AD13D9009ACD69 /* Foundation.framework in Frameworks */ = {isa = PBXBuildFile; fileRef = 5E483EF522AD13D9009ACD69 /* Foundation.framework */; };
		5E483EF822AD13D9009ACD69 /* UIKit.framework in Frameworks */ = {isa = PBXBuildFile; fileRef = 5E483EF722AD13D9009ACD69 /* UIKit.framework */; };
		5E483EFD22AD13D9009ACD69 /* WeChat_TestDylib.mm in Sources */ = {isa = PBXBuildFile; fileRef = 5E483EFC22AD13D9009ACD69 /* WeChat_TestDylib.mm */; };
		5E483F0022AD13D9009ACD69 /* MDConfigManager.h in Headers */ = {isa = PBXBuildFile; fileRef = 5E483EFF22AD13D9009ACD69 /* MDConfigManager.h */; };
		5E483F0222AD13D9009ACD69 /* MDConfigManager.m in Sources */ = {isa = PBXBuildFile; fileRef = 5E483F0122AD13D9009ACD69 /* MDConfigManager.m */; };
		5E483F0422AD13D9009ACD69 /* MDCycriptManager.h in Headers */ = {isa = PBXBuildFile; fileRef = 5E483F0322AD13D9009ACD69 /* MDCycriptManager.h */; };
		5E483F0622AD13D9009ACD69 /* MDCycriptManager.m in Sources */ = {isa = PBXBuildFile; fileRef = 5E483F0522AD13D9009ACD69 /* MDCycriptManager.m */; };
		5E483F0822AD13D9009ACD69 /* MDMethodTrace.h in Headers */ = {isa = PBXBuildFile; fileRef = 5E483F0722AD13D9009ACD69 /* MDMethodTrace.h */; };
		5E483F0A22AD13D9009ACD69 /* MDMethodTrace.m in Sources */ = {isa = PBXBuildFile; fileRef = 5E483F0922AD13D9009ACD69 /* MDMethodTrace.m */; };
		5E483F0D22AD13D9009ACD69 /* a1a2-selectortramps-arm.s in Sources */ = {isa = PBXBuildFile; fileRef = 5E483F0C22AD13D9009ACD69 /* a1a2-selectortramps-arm.s */; };
		5E483F0F22AD13D9009ACD69 /* a1a2-selectortramps-arm64.s in Sources */ = {isa = PBXBuildFile; fileRef = 5E483F0E22AD13D9009ACD69 /* a1a2-selectortramps-arm64.s */; };
		5E483F1122AD13D9009ACD69 /* a1a2-selectortramps-i386.s in Sources */ = {isa = PBXBuildFile; fileRef = 5E483F1022AD13D9009ACD69 /* a1a2-selectortramps-i386.s */; };
		5E483F1322AD13D9009ACD69 /* a1a2-selectortramps-x86_64.s in Sources */ = {isa = PBXBuildFile; fileRef = 5E483F1222AD13D9009ACD69 /* a1a2-selectortramps-x86_64.s */; };
		5E483F1522AD13D9009ACD69 /* a2a3-selectortramps-arm.s in Sources */ = {isa = PBXBuildFile; fileRef = 5E483F1422AD13D9009ACD69 /* a2a3-selectortramps-arm.s */; };
		5E483F1722AD13D9009ACD69 /* a2a3-selectortramps-i386.s in Sources */ = {isa = PBXBuildFile; fileRef = 5E483F1622AD13D9009ACD69 /* a2a3-selectortramps-i386.s */; };
		5E483F1922AD13D9009ACD69 /* a2a3-selectortramps-x86_64.s in Sources */ = {isa = PBXBuildFile; fileRef = 5E483F1822AD13D9009ACD69 /* a2a3-selectortramps-x86_64.s */; };
		5E483F1B22AD13D9009ACD69 /* OCMethodTrace.h in Headers */ = {isa = PBXBuildFile; fileRef = 5E483F1A22AD13D9009ACD69 /* OCMethodTrace.h */; };
		5E483F1D22AD13D9009ACD69 /* OCMethodTrace.m in Sources */ = {isa = PBXBuildFile; fileRef = 5E483F1C22AD13D9009ACD69 /* OCMethodTrace.m */; };
		5E483F1F22AD13D9009ACD69 /* OCSelectorTrampolines.h in Headers */ = {isa = PBXBuildFile; fileRef = 5E483F1E22AD13D9009ACD69 /* OCSelectorTrampolines.h */; };
		5E483F2122AD13D9009ACD69 /* OCSelectorTrampolines.mm in Sources */ = {isa = PBXBuildFile; fileRef = 5E483F2022AD13D9009ACD69 /* OCSelectorTrampolines.mm */; };
		5E483F2522AD13D9009ACD69 /* LLDBTools.h in Headers */ = {isa = PBXBuildFile; fileRef = 5E483F2422AD13D9009ACD69 /* LLDBTools.h */; };
		5E483F2722AD13D9009ACD69 /* LLDBTools.mm in Sources */ = {isa = PBXBuildFile; fileRef = 5E483F2622AD13D9009ACD69 /* LLDBTools.mm */; };
		5E483F2C22AD13D9009ACD69 /* AntiAntiDebug.m in Sources */ = {isa = PBXBuildFile; fileRef = 5E483F2B22AD13D9009ACD69 /* AntiAntiDebug.m */; };
		5E483F2F22AD13D9009ACD69 /* fishhook.c in Sources */ = {isa = PBXBuildFile; fileRef = 5E483F2E22AD13D9009ACD69 /* fishhook.c */; };
		5E483F3122AD13D9009ACD69 /* fishhook.h in Headers */ = {isa = PBXBuildFile; fileRef = 5E483F3022AD13D9009ACD69 /* fishhook.h */; };
		5E483F3322AD13D9009ACD69 /* WeChat_TestDylib.h in Headers */ = {isa = PBXBuildFile; fileRef = 5E483F3222AD13D9009ACD69 /* WeChat_TestDylib.h */; };
		5E483F3522AD13D9009ACD69 /* WeChat_TestDylib.m in Sources */ = {isa = PBXBuildFile; fileRef = 5E483F3422AD13D9009ACD69 /* WeChat_TestDylib.m */; };
		5EED56B622AE43D000332E51 /* WeChatClassHelp.h in Headers */ = {isa = PBXBuildFile; fileRef = 5EED56B422AE43D000332E51 /* WeChatClassHelp.h */; settings = {ATTRIBUTES = (Public, ); }; };
		5EED56B722AE43D000332E51 /* WeChatClassHelp.m in Sources */ = {isa = PBXBuildFile; fileRef = 5EED56B522AE43D000332E51 /* WeChatClassHelp.m */; };
		5EED56BB22AE593D00332E51 /* WeChatConfigManager.h in Headers */ = {isa = PBXBuildFile; fileRef = 5EED56B922AE593D00332E51 /* WeChatConfigManager.h */; };
		5EED56BC22AE593D00332E51 /* WeChatConfigManager.m in Sources */ = {isa = PBXBuildFile; fileRef = 5EED56BA22AE593D00332E51 /* WeChatConfigManager.m */; };
		C9EE560F447C7BABBA76B01C /* Pods_WeChat_TestDylib.framework in Frameworks */ = {isa = PBXBuildFile; fileRef = 80FB2196616CA85B49D3EE95 /* Pods_WeChat_TestDylib.framework */; };
/* End PBXBuildFile section */

/* Begin PBXContainerItemProxy section */
		5E483EF022AD13D9009ACD69 /* PBXContainerItemProxy */ = {
			isa = PBXContainerItemProxy;
			containerPortal = 5E483ED222AD13D9009ACD69 /* Project object */;
			proxyType = 1;
			remoteGlobalIDString = 5E483EED22AD13D9009ACD69;
			remoteInfo = WeChat_TestDylib;
		};
/* End PBXContainerItemProxy section */

/* Begin PBXCopyFilesBuildPhase section */
		5E483EDA22AD13D9009ACD69 /* CopyFiles */ = {
			isa = PBXCopyFilesBuildPhase;
			buildActionMask = 2147483647;
			dstPath = "";
			dstSubfolderSpec = 10;
			files = (
				5E483EEF22AD13D9009ACD69 /* libWeChat_TestDylib.dylib in CopyFiles */,
			);
			runOnlyForDeploymentPostprocessing = 0;
		};
/* End PBXCopyFilesBuildPhase section */

/* Begin PBXFileReference section */
		5E483EDD22AD13D9009ACD69 /* WeChat_Test.app */ = {isa = PBXFileReference; explicitFileType = wrapper.application; includeInIndex = 0; path = WeChat_Test.app; sourceTree = BUILT_PRODUCTS_DIR; };
		5E483EE022AD13D9009ACD69 /* icon.png */ = {isa = PBXFileReference; lastKnownFileType = image.png; path = icon.png; sourceTree = "<group>"; };
		5E483EE222AD13D9009ACD69 /* quick-resign.sh */ = {isa = PBXFileReference; lastKnownFileType = text.script.sh; name = "quick-resign.sh"; path = "Scripts/quick-resign.sh"; sourceTree = "<group>"; };
		5E483EE422AD13D9009ACD69 /* MDConfig.plist */ = {isa = PBXFileReference; lastKnownFileType = text.plist.xml; name = MDConfig.plist; path = Config/MDConfig.plist; sourceTree = "<group>"; };
		5E483EE722AD13D9009ACD69 /* put ipa or app here */ = {isa = PBXFileReference; lastKnownFileType = text; name = "put ipa or app here"; path = "TargetApp/put ipa or app here"; sourceTree = "<group>"; };
		5E483EE822AD13D9009ACD69 /* Info.plist */ = {isa = PBXFileReference; lastKnownFileType = text.plist.xml; path = Info.plist; sourceTree = "<group>"; };
		5E483EEE22AD13D9009ACD69 /* libWeChat_TestDylib.dylib */ = {isa = PBXFileReference; explicitFileType = "compiled.mach-o.dylib"; includeInIndex = 0; path = libWeChat_TestDylib.dylib; sourceTree = BUILT_PRODUCTS_DIR; };
		5E483EF322AD13D9009ACD69 /* JavaScriptCore.framework */ = {isa = PBXFileReference; lastKnownFileType = wrapper.framework; name = JavaScriptCore.framework; path = System/Library/Frameworks/JavaScriptCore.framework; sourceTree = SDKROOT; };
		5E483EF522AD13D9009ACD69 /* Foundation.framework */ = {isa = PBXFileReference; lastKnownFileType = wrapper.framework; name = Foundation.framework; path = System/Library/Frameworks/Foundation.framework; sourceTree = SDKROOT; };
		5E483EF722AD13D9009ACD69 /* UIKit.framework */ = {isa = PBXFileReference; lastKnownFileType = wrapper.framework; name = UIKit.framework; path = System/Library/Frameworks/UIKit.framework; sourceTree = SDKROOT; };
		5E483EFB22AD13D9009ACD69 /* WeChat_TestDylib.xm */ = {isa = PBXFileReference; explicitFileType = sourcecode.cpp.objcpp; name = WeChat_TestDylib.xm; path = Logos/WeChat_TestDylib.xm; sourceTree = "<group>"; };
		5E483EFC22AD13D9009ACD69 /* WeChat_TestDylib.mm */ = {isa = PBXFileReference; lastKnownFileType = sourcecode.cpp.objcpp; name = WeChat_TestDylib.mm; path = Logos/WeChat_TestDylib.mm; sourceTree = "<group>"; };
		5E483EFF22AD13D9009ACD69 /* MDConfigManager.h */ = {isa = PBXFileReference; lastKnownFileType = sourcecode.c.h; name = MDConfigManager.h; path = Config/MDConfigManager.h; sourceTree = "<group>"; };
		5E483F0122AD13D9009ACD69 /* MDConfigManager.m */ = {isa = PBXFileReference; lastKnownFileType = sourcecode.c.objc; name = MDConfigManager.m; path = Config/MDConfigManager.m; sourceTree = "<group>"; };
		5E483F0322AD13D9009ACD69 /* MDCycriptManager.h */ = {isa = PBXFileReference; lastKnownFileType = sourcecode.c.h; name = MDCycriptManager.h; path = Config/MDCycriptManager.h; sourceTree = "<group>"; };
		5E483F0522AD13D9009ACD69 /* MDCycriptManager.m */ = {isa = PBXFileReference; lastKnownFileType = sourcecode.c.objc; name = MDCycriptManager.m; path = Config/MDCycriptManager.m; sourceTree = "<group>"; };
		5E483F0722AD13D9009ACD69 /* MDMethodTrace.h */ = {isa = PBXFileReference; lastKnownFileType = sourcecode.c.h; name = MDMethodTrace.h; path = Config/MDMethodTrace.h; sourceTree = "<group>"; };
		5E483F0922AD13D9009ACD69 /* MDMethodTrace.m */ = {isa = PBXFileReference; lastKnownFileType = sourcecode.c.objc; name = MDMethodTrace.m; path = Config/MDMethodTrace.m; sourceTree = "<group>"; };
		5E483F0C22AD13D9009ACD69 /* a1a2-selectortramps-arm.s */ = {isa = PBXFileReference; lastKnownFileType = sourcecode.asm; name = "a1a2-selectortramps-arm.s"; path = "Trace/a1a2-selectortramps-arm.s"; sourceTree = "<group>"; };
		5E483F0E22AD13D9009ACD69 /* a1a2-selectortramps-arm64.s */ = {isa = PBXFileReference; lastKnownFileType = sourcecode.asm; name = "a1a2-selectortramps-arm64.s"; path = "Trace/a1a2-selectortramps-arm64.s"; sourceTree = "<group>"; };
		5E483F1022AD13D9009ACD69 /* a1a2-selectortramps-i386.s */ = {isa = PBXFileReference; lastKnownFileType = sourcecode.asm; name = "a1a2-selectortramps-i386.s"; path = "Trace/a1a2-selectortramps-i386.s"; sourceTree = "<group>"; };
		5E483F1222AD13D9009ACD69 /* a1a2-selectortramps-x86_64.s */ = {isa = PBXFileReference; lastKnownFileType = sourcecode.asm; name = "a1a2-selectortramps-x86_64.s"; path = "Trace/a1a2-selectortramps-x86_64.s"; sourceTree = "<group>"; };
		5E483F1422AD13D9009ACD69 /* a2a3-selectortramps-arm.s */ = {isa = PBXFileReference; lastKnownFileType = sourcecode.asm; name = "a2a3-selectortramps-arm.s"; path = "Trace/a2a3-selectortramps-arm.s"; sourceTree = "<group>"; };
		5E483F1622AD13D9009ACD69 /* a2a3-selectortramps-i386.s */ = {isa = PBXFileReference; lastKnownFileType = sourcecode.asm; name = "a2a3-selectortramps-i386.s"; path = "Trace/a2a3-selectortramps-i386.s"; sourceTree = "<group>"; };
		5E483F1822AD13D9009ACD69 /* a2a3-selectortramps-x86_64.s */ = {isa = PBXFileReference; lastKnownFileType = sourcecode.asm; name = "a2a3-selectortramps-x86_64.s"; path = "Trace/a2a3-selectortramps-x86_64.s"; sourceTree = "<group>"; };
		5E483F1A22AD13D9009ACD69 /* OCMethodTrace.h */ = {isa = PBXFileReference; lastKnownFileType = sourcecode.c.h; name = OCMethodTrace.h; path = Trace/OCMethodTrace.h; sourceTree = "<group>"; };
		5E483F1C22AD13D9009ACD69 /* OCMethodTrace.m */ = {isa = PBXFileReference; lastKnownFileType = sourcecode.c.objc; name = OCMethodTrace.m; path = Trace/OCMethodTrace.m; sourceTree = "<group>"; };
		5E483F1E22AD13D9009ACD69 /* OCSelectorTrampolines.h */ = {isa = PBXFileReference; lastKnownFileType = sourcecode.c.h; name = OCSelectorTrampolines.h; path = Trace/OCSelectorTrampolines.h; sourceTree = "<group>"; };
		5E483F2022AD13D9009ACD69 /* OCSelectorTrampolines.mm */ = {isa = PBXFileReference; lastKnownFileType = sourcecode.cpp.objcpp; name = OCSelectorTrampolines.mm; path = Trace/OCSelectorTrampolines.mm; sourceTree = "<group>"; };
		5E483F2222AD13D9009ACD69 /* selectortramps.mac */ = {isa = PBXFileReference; lastKnownFileType = text; name = selectortramps.mac; path = Trace/selectortramps.mac; sourceTree = "<group>"; };
		5E483F2422AD13D9009ACD69 /* LLDBTools.h */ = {isa = PBXFileReference; lastKnownFileType = sourcecode.c.h; name = LLDBTools.h; path = Tools/LLDBTools.h; sourceTree = "<group>"; };
		5E483F2622AD13D9009ACD69 /* LLDBTools.mm */ = {isa = PBXFileReference; lastKnownFileType = sourcecode.cpp.objcpp; name = LLDBTools.mm; path = Tools/LLDBTools.mm; sourceTree = "<group>"; };
		5E483F2922AD13D9009ACD69 /* WeChat_TestDylib-Prefix.pch */ = {isa = PBXFileReference; lastKnownFileType = sourcecode.c.h; path = "WeChat_TestDylib-Prefix.pch"; sourceTree = "<group>"; };
		5E483F2B22AD13D9009ACD69 /* AntiAntiDebug.m */ = {isa = PBXFileReference; lastKnownFileType = sourcecode.c.objc; name = AntiAntiDebug.m; path = AntiAntiDebug/AntiAntiDebug.m; sourceTree = "<group>"; };
		5E483F2E22AD13D9009ACD69 /* fishhook.c */ = {isa = PBXFileReference; lastKnownFileType = sourcecode.c.c; name = fishhook.c; path = fishhook/fishhook.c; sourceTree = "<group>"; };
		5E483F3022AD13D9009ACD69 /* fishhook.h */ = {isa = PBXFileReference; lastKnownFileType = sourcecode.c.h; name = fishhook.h; path = fishhook/fishhook.h; sourceTree = "<group>"; };
		5E483F3222AD13D9009ACD69 /* WeChat_TestDylib.h */ = {isa = PBXFileReference; lastKnownFileType = sourcecode.c.h; path = WeChat_TestDylib.h; sourceTree = "<group>"; };
		5E483F3422AD13D9009ACD69 /* WeChat_TestDylib.m */ = {isa = PBXFileReference; lastKnownFileType = sourcecode.c.objc; path = WeChat_TestDylib.m; sourceTree = "<group>"; };
		5E483F3E22AD143E009ACD69 /* 微信-7.0.4(越狱应用).ipa */ = {isa = PBXFileReference; lastKnownFileType = file; path = "微信-7.0.4(越狱应用).ipa"; sourceTree = "<group>"; };
		5EED56B422AE43D000332E51 /* WeChatClassHelp.h */ = {isa = PBXFileReference; lastKnownFileType = sourcecode.c.h; path = WeChatClassHelp.h; sourceTree = "<group>"; };
		5EED56B522AE43D000332E51 /* WeChatClassHelp.m */ = {isa = PBXFileReference; lastKnownFileType = sourcecode.c.objc; path = WeChatClassHelp.m; sourceTree = "<group>"; };
		5EED56B922AE593D00332E51 /* WeChatConfigManager.h */ = {isa = PBXFileReference; lastKnownFileType = sourcecode.c.h; path = WeChatConfigManager.h; sourceTree = "<group>"; };
		5EED56BA22AE593D00332E51 /* WeChatConfigManager.m */ = {isa = PBXFileReference; lastKnownFileType = sourcecode.c.objc; path = WeChatConfigManager.m; sourceTree = "<group>"; };
		80FB2196616CA85B49D3EE95 /* Pods_WeChat_TestDylib.framework */ = {isa = PBXFileReference; explicitFileType = wrapper.framework; includeInIndex = 0; path = Pods_WeChat_TestDylib.framework; sourceTree = BUILT_PRODUCTS_DIR; };
		819BED1BD0CB57CD5BECCD6A /* Pods-WeChat_TestDylib.release.xcconfig */ = {isa = PBXFileReference; includeInIndex = 1; lastKnownFileType = text.xcconfig; name = "Pods-WeChat_TestDylib.release.xcconfig"; path = "Target Support Files/Pods-WeChat_TestDylib/Pods-WeChat_TestDylib.release.xcconfig"; sourceTree = "<group>"; };
		C0EAC06382E58A280C6ECBCE /* Pods-WeChat_TestDylib.debug.xcconfig */ = {isa = PBXFileReference; includeInIndex = 1; lastKnownFileType = text.xcconfig; name = "Pods-WeChat_TestDylib.debug.xcconfig"; path = "Target Support Files/Pods-WeChat_TestDylib/Pods-WeChat_TestDylib.debug.xcconfig"; sourceTree = "<group>"; };
/* End PBXFileReference section */

/* Begin PBXFrameworksBuildPhase section */
		5E483ED722AD13D9009ACD69 /* Frameworks */ = {
			isa = PBXFrameworksBuildPhase;
			buildActionMask = 2147483647;
			files = (
			);
			runOnlyForDeploymentPostprocessing = 0;
		};
		5E483EEB22AD13D9009ACD69 /* Frameworks */ = {
			isa = PBXFrameworksBuildPhase;
			buildActionMask = 2147483647;
			files = (
				5E483EF422AD13D9009ACD69 /* JavaScriptCore.framework in Frameworks */,
				5E483EF822AD13D9009ACD69 /* UIKit.framework in Frameworks */,
				5E483EF622AD13D9009ACD69 /* Foundation.framework in Frameworks */,
				C9EE560F447C7BABBA76B01C /* Pods_WeChat_TestDylib.framework in Frameworks */,
			);
			runOnlyForDeploymentPostprocessing = 0;
		};
/* End PBXFrameworksBuildPhase section */

/* Begin PBXGroup section */
		5E483ED122AD13D9009ACD69 = {
			isa = PBXGroup;
			children = (
				5E483EDF22AD13D9009ACD69 /* WeChat_Test */,
				5E483EF922AD13D9009ACD69 /* WeChat_TestDylib */,
				5E483EF222AD13D9009ACD69 /* Frameworks */,
				5E483EDE22AD13D9009ACD69 /* Products */,
				9CE2514839D39214E9007867 /* Pods */,
			);
			sourceTree = "<group>";
		};
		5E483EDE22AD13D9009ACD69 /* Products */ = {
			isa = PBXGroup;
			children = (
				5E483EDD22AD13D9009ACD69 /* WeChat_Test.app */,
				5E483EEE22AD13D9009ACD69 /* libWeChat_TestDylib.dylib */,
			);
			name = Products;
			sourceTree = "<group>";
		};
		5E483EDF22AD13D9009ACD69 /* WeChat_Test */ = {
			isa = PBXGroup;
			children = (
				5E483EE022AD13D9009ACD69 /* icon.png */,
				5E483EE822AD13D9009ACD69 /* Info.plist */,
				5E483EE122AD13D9009ACD69 /* Scripts */,
				5E483EE322AD13D9009ACD69 /* Config */,
				5E483EE622AD13D9009ACD69 /* TargetApp */,
			);
			path = WeChat_Test;
			sourceTree = "<group>";
		};
		5E483EE122AD13D9009ACD69 /* Scripts */ = {
			isa = PBXGroup;
			children = (
				5E483EE222AD13D9009ACD69 /* quick-resign.sh */,
			);
			name = Scripts;
			sourceTree = "<group>";
		};
		5E483EE322AD13D9009ACD69 /* Config */ = {
			isa = PBXGroup;
			children = (
				5E483EE422AD13D9009ACD69 /* MDConfig.plist */,
			);
			name = Config;
			sourceTree = "<group>";
		};
		5E483EE622AD13D9009ACD69 /* TargetApp */ = {
			isa = PBXGroup;
			children = (
				5E483F3E22AD143E009ACD69 /* 微信-7.0.4(越狱应用).ipa */,
				5E483EE722AD13D9009ACD69 /* put ipa or app here */,
			);
			name = TargetApp;
			sourceTree = "<group>";
		};
		5E483EF222AD13D9009ACD69 /* Frameworks */ = {
			isa = PBXGroup;
			children = (
				5E483EF322AD13D9009ACD69 /* JavaScriptCore.framework */,
				5E483EF522AD13D9009ACD69 /* Foundation.framework */,
				5E483EF722AD13D9009ACD69 /* UIKit.framework */,
				80FB2196616CA85B49D3EE95 /* Pods_WeChat_TestDylib.framework */,
			);
			name = Frameworks;
			sourceTree = "<group>";
		};
		5E483EF922AD13D9009ACD69 /* WeChat_TestDylib */ = {
			isa = PBXGroup;
			children = (
				5EED56AC22AE37BA00332E51 /* WeChat */,
				5E483F3222AD13D9009ACD69 /* WeChat_TestDylib.h */,
				5E483F3422AD13D9009ACD69 /* WeChat_TestDylib.m */,
				5E483EFA22AD13D9009ACD69 /* Logos */,
				5E483EFE22AD13D9009ACD69 /* Config */,
				5E483F0B22AD13D9009ACD69 /* Trace */,
				5E483F2322AD13D9009ACD69 /* Tools */,
				5E483F2A22AD13D9009ACD69 /* AntiAntiDebug */,
				5E483F2D22AD13D9009ACD69 /* fishhook */,
				5E483F2822AD13D9009ACD69 /* Supporting Files */,
			);
			path = WeChat_TestDylib;
			sourceTree = "<group>";
		};
		5E483EFA22AD13D9009ACD69 /* Logos */ = {
			isa = PBXGroup;
			children = (
				5E483EFB22AD13D9009ACD69 /* WeChat_TestDylib.xm */,
				5E483EFC22AD13D9009ACD69 /* WeChat_TestDylib.mm */,
			);
			name = Logos;
			sourceTree = "<group>";
		};
		5E483EFE22AD13D9009ACD69 /* Config */ = {
			isa = PBXGroup;
			children = (
				5E483EFF22AD13D9009ACD69 /* MDConfigManager.h */,
				5E483F0122AD13D9009ACD69 /* MDConfigManager.m */,
				5E483F0322AD13D9009ACD69 /* MDCycriptManager.h */,
				5E483F0522AD13D9009ACD69 /* MDCycriptManager.m */,
				5E483F0722AD13D9009ACD69 /* MDMethodTrace.h */,
				5E483F0922AD13D9009ACD69 /* MDMethodTrace.m */,
			);
			name = Config;
			sourceTree = "<group>";
		};
		5E483F0B22AD13D9009ACD69 /* Trace */ = {
			isa = PBXGroup;
			children = (
				5E483F0C22AD13D9009ACD69 /* a1a2-selectortramps-arm.s */,
				5E483F0E22AD13D9009ACD69 /* a1a2-selectortramps-arm64.s */,
				5E483F1022AD13D9009ACD69 /* a1a2-selectortramps-i386.s */,
				5E483F1222AD13D9009ACD69 /* a1a2-selectortramps-x86_64.s */,
				5E483F1422AD13D9009ACD69 /* a2a3-selectortramps-arm.s */,
				5E483F1622AD13D9009ACD69 /* a2a3-selectortramps-i386.s */,
				5E483F1822AD13D9009ACD69 /* a2a3-selectortramps-x86_64.s */,
				5E483F1A22AD13D9009ACD69 /* OCMethodTrace.h */,
				5E483F1C22AD13D9009ACD69 /* OCMethodTrace.m */,
				5E483F1E22AD13D9009ACD69 /* OCSelectorTrampolines.h */,
				5E483F2022AD13D9009ACD69 /* OCSelectorTrampolines.mm */,
				5E483F2222AD13D9009ACD69 /* selectortramps.mac */,
			);
			name = Trace;
			sourceTree = "<group>";
		};
		5E483F2322AD13D9009ACD69 /* Tools */ = {
			isa = PBXGroup;
			children = (
				5E483F2422AD13D9009ACD69 /* LLDBTools.h */,
				5E483F2622AD13D9009ACD69 /* LLDBTools.mm */,
			);
			name = Tools;
			sourceTree = "<group>";
		};
		5E483F2822AD13D9009ACD69 /* Supporting Files */ = {
			isa = PBXGroup;
			children = (
				5E483F2922AD13D9009ACD69 /* WeChat_TestDylib-Prefix.pch */,
			);
			name = "Supporting Files";
			sourceTree = "<group>";
		};
		5E483F2A22AD13D9009ACD69 /* AntiAntiDebug */ = {
			isa = PBXGroup;
			children = (
				5E483F2B22AD13D9009ACD69 /* AntiAntiDebug.m */,
			);
			name = AntiAntiDebug;
			sourceTree = "<group>";
		};
		5E483F2D22AD13D9009ACD69 /* fishhook */ = {
			isa = PBXGroup;
			children = (
				5E483F2E22AD13D9009ACD69 /* fishhook.c */,
				5E483F3022AD13D9009ACD69 /* fishhook.h */,
			);
			name = fishhook;
			sourceTree = "<group>";
		};
		5EED56AC22AE37BA00332E51 /* WeChat */ = {
			isa = PBXGroup;
			children = (
				5EED56B422AE43D000332E51 /* WeChatClassHelp.h */,
				5EED56B522AE43D000332E51 /* WeChatClassHelp.m */,
				5EED56B922AE593D00332E51 /* WeChatConfigManager.h */,
				5EED56BA22AE593D00332E51 /* WeChatConfigManager.m */,
			);
			name = WeChat;
			sourceTree = "<group>";
		};
		9CE2514839D39214E9007867 /* Pods */ = {
			isa = PBXGroup;
			children = (
				C0EAC06382E58A280C6ECBCE /* Pods-WeChat_TestDylib.debug.xcconfig */,
				819BED1BD0CB57CD5BECCD6A /* Pods-WeChat_TestDylib.release.xcconfig */,
			);
			path = Pods;
			sourceTree = "<group>";
		};
/* End PBXGroup section */

/* Begin PBXHeadersBuildPhase section */
		5E483EEC22AD13D9009ACD69 /* Headers */ = {
			isa = PBXHeadersBuildPhase;
			buildActionMask = 2147483647;
			files = (
				5E483F0422AD13D9009ACD69 /* MDCycriptManager.h in Headers */,
				5E483F0822AD13D9009ACD69 /* MDMethodTrace.h in Headers */,
				5EED56BB22AE593D00332E51 /* WeChatConfigManager.h in Headers */,
				5EED56B622AE43D000332E51 /* WeChatClassHelp.h in Headers */,
				5E483F3122AD13D9009ACD69 /* fishhook.h in Headers */,
				5E483F2522AD13D9009ACD69 /* LLDBTools.h in Headers */,
				5E483F0022AD13D9009ACD69 /* MDConfigManager.h in Headers */,
				5E483F1F22AD13D9009ACD69 /* OCSelectorTrampolines.h in Headers */,
				5E483F1B22AD13D9009ACD69 /* OCMethodTrace.h in Headers */,
				5E483F3322AD13D9009ACD69 /* WeChat_TestDylib.h in Headers */,
			);
			runOnlyForDeploymentPostprocessing = 0;
		};
/* End PBXHeadersBuildPhase section */

/* Begin PBXNativeTarget section */
		5E483EDC22AD13D9009ACD69 /* WeChat_Test */ = {
			isa = PBXNativeTarget;
			buildConfigurationList = 5E483F3B22AD13D9009ACD69 /* Build configuration list for PBXNativeTarget "WeChat_Test" */;
			buildPhases = (
				5E483ED622AD13D9009ACD69 /* Sources */,
				5E483ED722AD13D9009ACD69 /* Frameworks */,
				5E483ED822AD13D9009ACD69 /* ShellScript */,
				5E483ED922AD13D9009ACD69 /* Resources */,
				5E483EDA22AD13D9009ACD69 /* CopyFiles */,
				5E483EDB22AD13D9009ACD69 /* ShellScript */,
			);
			buildRules = (
			);
			dependencies = (
				5E483EF122AD13D9009ACD69 /* PBXTargetDependency */,
			);
			name = WeChat_Test;
			productName = WeChat_Test;
			productReference = 5E483EDD22AD13D9009ACD69 /* WeChat_Test.app */;
			productType = "com.apple.product-type.application";
		};
		5E483EED22AD13D9009ACD69 /* WeChat_TestDylib */ = {
			isa = PBXNativeTarget;
			buildConfigurationList = 5E483F3822AD13D9009ACD69 /* Build configuration list for PBXNativeTarget "WeChat_TestDylib" */;
			buildPhases = (
				0968281085C3875BC4A5A676 /* [CP] Check Pods Manifest.lock */,
				5E483EE922AD13D9009ACD69 /* ShellScript */,
				5E483EEA22AD13D9009ACD69 /* Sources */,
				5E483EEB22AD13D9009ACD69 /* Frameworks */,
				5E483EEC22AD13D9009ACD69 /* Headers */,
			);
			buildRules = (
			);
			dependencies = (
			);
			name = WeChat_TestDylib;
			productName = WeChat_TestDylib;
			productReference = 5E483EEE22AD13D9009ACD69 /* libWeChat_TestDylib.dylib */;
			productType = "com.apple.product-type.library.dynamic";
		};
/* End PBXNativeTarget section */

/* Begin PBXProject section */
		5E483ED222AD13D9009ACD69 /* Project object */ = {
			isa = PBXProject;
			attributes = {
				LastUpgradeCheck = 1020;
				ORGANIZATIONNAME = ash;
				TargetAttributes = {
					5E483EDC22AD13D9009ACD69 = {
						CreatedOnToolsVersion = 10.2.1;
					};
					5E483EED22AD13D9009ACD69 = {
						CreatedOnToolsVersion = 10.2.1;
					};
				};
			};
			buildConfigurationList = 5E483ED522AD13D9009ACD69 /* Build configuration list for PBXProject "WeChat_Test" */;
			compatibilityVersion = "Xcode 9.3";
			developmentRegion = en;
			hasScannedForEncodings = 0;
			knownRegions = (
				en,
			);
			mainGroup = 5E483ED122AD13D9009ACD69;
			productRefGroup = 5E483EDE22AD13D9009ACD69 /* Products */;
			projectDirPath = "";
			projectRoot = "";
			targets = (
				5E483EDC22AD13D9009ACD69 /* WeChat_Test */,
				5E483EED22AD13D9009ACD69 /* WeChat_TestDylib */,
			);
		};
/* End PBXProject section */

/* Begin PBXResourcesBuildPhase section */
		5E483ED922AD13D9009ACD69 /* Resources */ = {
			isa = PBXResourcesBuildPhase;
			buildActionMask = 2147483647;
			files = (
				5E483EE522AD13D9009ACD69 /* MDConfig.plist in Resources */,
			);
			runOnlyForDeploymentPostprocessing = 0;
		};
/* End PBXResourcesBuildPhase section */

/* Begin PBXShellScriptBuildPhase section */
		0968281085C3875BC4A5A676 /* [CP] Check Pods Manifest.lock */ = {
			isa = PBXShellScriptBuildPhase;
			buildActionMask = 2147483647;
			files = (
			);
			inputFileListPaths = (
			);
			inputPaths = (
				"${PODS_PODFILE_DIR_PATH}/Podfile.lock",
				"${PODS_ROOT}/Manifest.lock",
			);
			name = "[CP] Check Pods Manifest.lock";
			outputFileListPaths = (
			);
			outputPaths = (
				"$(DERIVED_FILE_DIR)/Pods-WeChat_TestDylib-checkManifestLockResult.txt",
			);
			runOnlyForDeploymentPostprocessing = 0;
			shellPath = /bin/sh;
			shellScript = "diff \"${PODS_PODFILE_DIR_PATH}/Podfile.lock\" \"${PODS_ROOT}/Manifest.lock\" > /dev/null\nif [ $? != 0 ] ; then\n    # print error to STDERR\n    echo \"error: The sandbox is not in sync with the Podfile.lock. Run 'pod install' or update your CocoaPods installation.\" >&2\n    exit 1\nfi\n# This output is used by Xcode 'outputs' to avoid re-running this script phase.\necho \"SUCCESS\" > \"${SCRIPT_OUTPUT_FILE_0}\"\n";
			showEnvVarsInLog = 0;
		};
		5E483ED822AD13D9009ACD69 /* ShellScript */ = {
			isa = PBXShellScriptBuildPhase;
			buildActionMask = 2147483647;
			files = (
			);
			inputFileListPaths = (
			);
			inputPaths = (
			);
			outputFileListPaths = (
			);
			outputPaths = (
			);
			runOnlyForDeploymentPostprocessing = 0;
			shellPath = /bin/sh;
			shellScript = "/opt/MonkeyDev/Tools/pack.sh\n";
		};
		5E483EDB22AD13D9009ACD69 /* ShellScript */ = {
			isa = PBXShellScriptBuildPhase;
			buildActionMask = 2147483647;
			files = (
			);
			inputFileListPaths = (
			);
			inputPaths = (
			);
			outputFileListPaths = (
			);
			outputPaths = (
			);
			runOnlyForDeploymentPostprocessing = 0;
			shellPath = /bin/sh;
			shellScript = "/opt/MonkeyDev/Tools/pack.sh codesign\n";
		};
		5E483EE922AD13D9009ACD69 /* ShellScript */ = {
			isa = PBXShellScriptBuildPhase;
			buildActionMask = 2147483647;
			files = (
			);
			inputFileListPaths = (
			);
			inputPaths = (
			);
			outputFileListPaths = (
			);
			outputPaths = (
			);
			runOnlyForDeploymentPostprocessing = 0;
			shellPath = /bin/sh;
			shellScript = "/opt/MonkeyDev/bin/md --xcbp-logos";
		};
/* End PBXShellScriptBuildPhase section */

/* Begin PBXSourcesBuildPhase section */
		5E483ED622AD13D9009ACD69 /* Sources */ = {
			isa = PBXSourcesBuildPhase;
			buildActionMask = 2147483647;
			files = (
			);
			runOnlyForDeploymentPostprocessing = 0;
		};
		5E483EEA22AD13D9009ACD69 /* Sources */ = {
			isa = PBXSourcesBuildPhase;
			buildActionMask = 2147483647;
			files = (
				5E483F0622AD13D9009ACD69 /* MDCycriptManager.m in Sources */,
				5E483F0F22AD13D9009ACD69 /* a1a2-selectortramps-arm64.s in Sources */,
				5E483F0D22AD13D9009ACD69 /* a1a2-selectortramps-arm.s in Sources */,
				5E483F1322AD13D9009ACD69 /* a1a2-selectortramps-x86_64.s in Sources */,
				5E483F1D22AD13D9009ACD69 /* OCMethodTrace.m in Sources */,
				5EED56B722AE43D000332E51 /* WeChatClassHelp.m in Sources */,
				5E483F0222AD13D9009ACD69 /* MDConfigManager.m in Sources */,
				5E483F2F22AD13D9009ACD69 /* fishhook.c in Sources */,
				5E483F2C22AD13D9009ACD69 /* AntiAntiDebug.m in Sources */,
				5E483F2122AD13D9009ACD69 /* OCSelectorTrampolines.mm in Sources */,
				5E483F1122AD13D9009ACD69 /* a1a2-selectortramps-i386.s in Sources */,
				5EED56BC22AE593D00332E51 /* WeChatConfigManager.m in Sources */,
				5E483F3522AD13D9009ACD69 /* WeChat_TestDylib.m in Sources */,
				5E483F1722AD13D9009ACD69 /* a2a3-selectortramps-i386.s in Sources */,
				5E483F1522AD13D9009ACD69 /* a2a3-selectortramps-arm.s in Sources */,
				5E483EFD22AD13D9009ACD69 /* WeChat_TestDylib.mm in Sources */,
				5E483F2722AD13D9009ACD69 /* LLDBTools.mm in Sources */,
				5E483F1922AD13D9009ACD69 /* a2a3-selectortramps-x86_64.s in Sources */,
				5E483F0A22AD13D9009ACD69 /* MDMethodTrace.m in Sources */,
			);
			runOnlyForDeploymentPostprocessing = 0;
		};
/* End PBXSourcesBuildPhase section */

/* Begin PBXTargetDependency section */
		5E483EF122AD13D9009ACD69 /* PBXTargetDependency */ = {
			isa = PBXTargetDependency;
			target = 5E483EED22AD13D9009ACD69 /* WeChat_TestDylib */;
			targetProxy = 5E483EF022AD13D9009ACD69 /* PBXContainerItemProxy */;
		};
/* End PBXTargetDependency section */

/* Begin XCBuildConfiguration section */
		5E483F3622AD13D9009ACD69 /* Debug */ = {
			isa = XCBuildConfiguration;
			buildSettings = {
				ALWAYS_SEARCH_USER_PATHS = NO;
				CLANG_ANALYZER_NONNULL = YES;
				CLANG_ANALYZER_NUMBER_OBJECT_CONVERSION = YES_AGGRESSIVE;
				CLANG_CXX_LANGUAGE_STANDARD = "gnu++14";
				CLANG_CXX_LIBRARY = "libc++";
				CLANG_ENABLE_MODULES = YES;
				CLANG_ENABLE_OBJC_ARC = YES;
				CLANG_ENABLE_OBJC_WEAK = YES;
				CLANG_WARN_BLOCK_CAPTURE_AUTORELEASING = YES;
				CLANG_WARN_BOOL_CONVERSION = YES;
				CLANG_WARN_COMMA = YES;
				CLANG_WARN_CONSTANT_CONVERSION = YES;
				CLANG_WARN_DEPRECATED_OBJC_IMPLEMENTATIONS = YES;
				CLANG_WARN_DIRECT_OBJC_ISA_USAGE = YES_ERROR;
				CLANG_WARN_DOCUMENTATION_COMMENTS = YES;
				CLANG_WARN_EMPTY_BODY = YES;
				CLANG_WARN_ENUM_CONVERSION = YES;
				CLANG_WARN_INFINITE_RECURSION = YES;
				CLANG_WARN_INT_CONVERSION = YES;
				CLANG_WARN_NON_LITERAL_NULL_CONVERSION = YES;
				CLANG_WARN_OBJC_IMPLICIT_RETAIN_SELF = YES;
				CLANG_WARN_OBJC_LITERAL_CONVERSION = YES;
				CLANG_WARN_OBJC_ROOT_CLASS = YES_ERROR;
				CLANG_WARN_RANGE_LOOP_ANALYSIS = YES;
				CLANG_WARN_STRICT_PROTOTYPES = YES;
				CLANG_WARN_SUSPICIOUS_MOVE = YES;
				CLANG_WARN_UNGUARDED_AVAILABILITY = YES_AGGRESSIVE;
				CLANG_WARN_UNREACHABLE_CODE = YES;
				CLANG_WARN__DUPLICATE_METHOD_MATCH = YES;
				CODE_SIGN_IDENTITY = "iPhone Developer";
				COPY_PHASE_STRIP = NO;
				DEBUG_INFORMATION_FORMAT = dwarf;
				ENABLE_STRICT_OBJC_MSGSEND = YES;
				ENABLE_TESTABILITY = YES;
				GCC_C_LANGUAGE_STANDARD = gnu11;
				GCC_DYNAMIC_NO_PIC = NO;
				GCC_NO_COMMON_BLOCKS = YES;
				GCC_OPTIMIZATION_LEVEL = 0;
				GCC_PREPROCESSOR_DEFINITIONS = (
					"DEBUG=1",
					"$(inherited)",
				);
				GCC_WARN_64_TO_32_BIT_CONVERSION = YES;
				GCC_WARN_ABOUT_RETURN_TYPE = YES_ERROR;
				GCC_WARN_UNDECLARED_SELECTOR = YES;
				GCC_WARN_UNINITIALIZED_AUTOS = YES_AGGRESSIVE;
				GCC_WARN_UNUSED_FUNCTION = YES;
				GCC_WARN_UNUSED_VARIABLE = YES;
				IPHONEOS_DEPLOYMENT_TARGET = 8.0;
				MTL_ENABLE_DEBUG_INFO = INCLUDE_SOURCE;
				MTL_FAST_MATH = YES;
				ONLY_ACTIVE_ARCH = YES;
				SDKROOT = iphoneos;
			};
			name = Debug;
		};
		5E483F3722AD13D9009ACD69 /* Release */ = {
			isa = XCBuildConfiguration;
			buildSettings = {
				ALWAYS_SEARCH_USER_PATHS = NO;
				CLANG_ANALYZER_NONNULL = YES;
				CLANG_ANALYZER_NUMBER_OBJECT_CONVERSION = YES_AGGRESSIVE;
				CLANG_CXX_LANGUAGE_STANDARD = "gnu++14";
				CLANG_CXX_LIBRARY = "libc++";
				CLANG_ENABLE_MODULES = YES;
				CLANG_ENABLE_OBJC_ARC = YES;
				CLANG_ENABLE_OBJC_WEAK = YES;
				CLANG_WARN_BLOCK_CAPTURE_AUTORELEASING = YES;
				CLANG_WARN_BOOL_CONVERSION = YES;
				CLANG_WARN_COMMA = YES;
				CLANG_WARN_CONSTANT_CONVERSION = YES;
				CLANG_WARN_DEPRECATED_OBJC_IMPLEMENTATIONS = YES;
				CLANG_WARN_DIRECT_OBJC_ISA_USAGE = YES_ERROR;
				CLANG_WARN_DOCUMENTATION_COMMENTS = YES;
				CLANG_WARN_EMPTY_BODY = YES;
				CLANG_WARN_ENUM_CONVERSION = YES;
				CLANG_WARN_INFINITE_RECURSION = YES;
				CLANG_WARN_INT_CONVERSION = YES;
				CLANG_WARN_NON_LITERAL_NULL_CONVERSION = YES;
				CLANG_WARN_OBJC_IMPLICIT_RETAIN_SELF = YES;
				CLANG_WARN_OBJC_LITERAL_CONVERSION = YES;
				CLANG_WARN_OBJC_ROOT_CLASS = YES_ERROR;
				CLANG_WARN_RANGE_LOOP_ANALYSIS = YES;
				CLANG_WARN_STRICT_PROTOTYPES = YES;
				CLANG_WARN_SUSPICIOUS_MOVE = YES;
				CLANG_WARN_UNGUARDED_AVAILABILITY = YES_AGGRESSIVE;
				CLANG_WARN_UNREACHABLE_CODE = YES;
				CLANG_WARN__DUPLICATE_METHOD_MATCH = YES;
				CODE_SIGN_IDENTITY = "iPhone Developer";
				COPY_PHASE_STRIP = NO;
				DEBUG_INFORMATION_FORMAT = "dwarf-with-dsym";
				ENABLE_NS_ASSERTIONS = NO;
				ENABLE_STRICT_OBJC_MSGSEND = YES;
				GCC_C_LANGUAGE_STANDARD = gnu11;
				GCC_NO_COMMON_BLOCKS = YES;
				GCC_WARN_64_TO_32_BIT_CONVERSION = YES;
				GCC_WARN_ABOUT_RETURN_TYPE = YES_ERROR;
				GCC_WARN_UNDECLARED_SELECTOR = YES;
				GCC_WARN_UNINITIALIZED_AUTOS = YES_AGGRESSIVE;
				GCC_WARN_UNUSED_FUNCTION = YES;
				GCC_WARN_UNUSED_VARIABLE = YES;
				IPHONEOS_DEPLOYMENT_TARGET = 8.0;
				MTL_ENABLE_DEBUG_INFO = NO;
				MTL_FAST_MATH = YES;
				SDKROOT = iphoneos;
				VALIDATE_PRODUCT = YES;
			};
			name = Release;
		};
		5E483F3922AD13D9009ACD69 /* Debug */ = {
			isa = XCBuildConfiguration;
			baseConfigurationReference = C0EAC06382E58A280C6ECBCE /* Pods-WeChat_TestDylib.debug.xcconfig */;
			buildSettings = {
				CODE_SIGN_STYLE = Automatic;
				DEVELOPMENT_TEAM = 49F6BP78T2;
				DYLIB_COMPATIBILITY_VERSION = 1;
				DYLIB_CURRENT_VERSION = 1;
				ENABLE_BITCODE = NO;
				EXCLUDED_RECURSIVE_SEARCH_PATH_SUBDIRECTORIES = "*.nib *.lproj *.gch (*) .DS_Store CVS .svn .git .hg *.xcodeproj *.xcode *.pbproj *.pbxproj";
				EXECUTABLE_PREFIX = lib;
				FRAMEWORK_SEARCH_PATHS = (
					"$(inherited)",
					"$(MonkeyDevPath)/Frameworks/**",
					"$(MonkeyDevPath)/Librarys/**",
					"$(MonkeyDevTheosPath)/vendor/lib",
				);
				GCC_C_LANGUAGE_STANDARD = gnu99;
				GCC_PRECOMPILE_PREFIX_HEADER = YES;
				GCC_PREFIX_HEADER = "WeChat_TestDylib/WeChat_TestDylib-Prefix.pch";
				GCC_SYMBOLS_PRIVATE_EXTERN = NO;
				GCC_WARN_ABOUT_MISSING_PROTOTYPES = YES;
				GCC_WARN_ABOUT_RETURN_TYPE = YES;
				HEADER_SEARCH_PATHS = (
					"$(inherited)",
					"$(MonkeyDevPath)/include",
					"$(MonkeyDevTheosPath)/vendor/include/**",
				);
				INSTALL_PATH = "@executable_path/Frameworks/libWeChat_TestDylib.dylib";
				LD_RUNPATH_SEARCH_PATHS = (
					"$(inherited)",
					"@executable_path/Frameworks",
				);
				LIBRARY_SEARCH_PATHS = (
					"$(inherited)",
					"$(MonkeyDevPath)/Frameworks",
					"$(MonkeyDevTheosPath)/vendor/lib/**",
				);
				MonkeyDevPath = /opt/MonkeyDev;
				MonkeyDevTheosPath = /opt/theos;
				OTHER_CFLAGS = (
					"$(inherited)",
					"-DTHEOS_INSTANCE_NAME=\"\\\"WeChat_TestDylib\\\"\"",
				);
				OTHER_LDFLAGS = (
					"$(inherited)",
					"-weak_library",
					"/usr/lib/libc++.dylib",
					"-weak_library",
					"/usr/lib/libstdc++.dylib",
					"-weak_library",
					"$(MonkeyDevPath)/Frameworks/libsubstrate.dylib",
					"-lcycript",
					"-framework",
					RevealServer,
				);
				PRODUCT_NAME = "$(TARGET_NAME)";
				TARGETED_DEVICE_FAMILY = "1,2";
				VALIDATE_PRODUCT = NO;
			};
			name = Debug;
		};
		5E483F3A22AD13D9009ACD69 /* Release */ = {
			isa = XCBuildConfiguration;
			baseConfigurationReference = 819BED1BD0CB57CD5BECCD6A /* Pods-WeChat_TestDylib.release.xcconfig */;
			buildSettings = {
				CODE_SIGN_STYLE = Automatic;
				COPY_PHASE_STRIP = YES;
				DEVELOPMENT_TEAM = 49F6BP78T2;
				DYLIB_COMPATIBILITY_VERSION = 1;
				DYLIB_CURRENT_VERSION = 1;
				ENABLE_BITCODE = NO;
				EXCLUDED_RECURSIVE_SEARCH_PATH_SUBDIRECTORIES = "*.nib *.lproj *.gch (*) .DS_Store CVS .svn .git .hg *.xcodeproj *.xcode *.pbproj *.pbxproj";
				EXECUTABLE_PREFIX = lib;
				FRAMEWORK_SEARCH_PATHS = (
					"$(inherited)",
					"$(MonkeyDevPath)/Frameworks/**",
					"$(MonkeyDevPath)/Librarys/**",
					"$(MonkeyDevTheosPath)/vendor/lib",
				);
				GCC_C_LANGUAGE_STANDARD = gnu99;
				GCC_PRECOMPILE_PREFIX_HEADER = YES;
				GCC_PREFIX_HEADER = "WeChat_TestDylib/WeChat_TestDylib-Prefix.pch";
				GCC_WARN_ABOUT_MISSING_PROTOTYPES = YES;
				GCC_WARN_ABOUT_RETURN_TYPE = YES;
				HEADER_SEARCH_PATHS = (
					"$(inherited)",
					"$(MonkeyDevPath)/include",
					"$(MonkeyDevTheosPath)/vendor/include/**",
				);
				INSTALL_PATH = "@executable_path/Frameworks/libWeChat_TestDylib.dylib";
				LD_RUNPATH_SEARCH_PATHS = (
					"$(inherited)",
					"@executable_path/Frameworks",
				);
				LIBRARY_SEARCH_PATHS = (
					"$(inherited)",
					"$(MonkeyDevPath)/Frameworks",
					"$(MonkeyDevTheosPath)/vendor/lib/**",
				);
				MonkeyDevPath = /opt/MonkeyDev;
				MonkeyDevTheosPath = /opt/theos;
				OTHER_CFLAGS = (
					"$(inherited)",
					"-DTHEOS_INSTANCE_NAME=\"\\\"WeChat_TestDylib\\\"\"",
				);
				OTHER_LDFLAGS = (
					"$(inherited)",
					"-weak_library",
					"/usr/lib/libc++.dylib",
					"-weak_library",
					"/usr/lib/libstdc++.dylib",
					"-weak_library",
					"$(MonkeyDevPath)/Frameworks/libsubstrate.dylib",
				);
				PRODUCT_NAME = "$(TARGET_NAME)";
				TARGETED_DEVICE_FAMILY = "1,2";
			};
			name = Release;
		};
		5E483F3C22AD13D9009ACD69 /* Debug */ = {
			isa = XCBuildConfiguration;
			buildSettings = {
				CODE_SIGN_STYLE = Automatic;
				DEVELOPMENT_TEAM = 49F6BP78T2;
				ENABLE_BITCODE = NO;
				INFOPLIST_FILE = WeChat_Test/Info.plist;
				MONKEYDEV_ADD_SUBSTRATE = YES;
				MONKEYDEV_CLASS_DUMP = YES;
				MONKEYDEV_DEFAULT_BUNDLEID = NO;
				MONKEYDEV_INSERT_DYLIB = YES;
				MONKEYDEV_RESTORE_SYMBOL = NO;
				MONKEYDEV_TARGET_APP = WeChat;
				PODS_CONFIGURATION_BUILD_DIR = "$BUILD_DIR/$(CONFIGURATION)$(EFFECTIVE_PLATFORM_NAME)";
				PODS_ROOT = "${SRCROOT}/Pods";
				PRODUCT_BUNDLE_IDENTIFIER = ash.WeChat.Test;
				PRODUCT_NAME = "$(TARGET_NAME)";
				TARGETED_DEVICE_FAMILY = "1,2";
			};
			name = Debug;
		};
		5E483F3D22AD13D9009ACD69 /* Release */ = {
			isa = XCBuildConfiguration;
			buildSettings = {
				CODE_SIGN_STYLE = Automatic;
				DEVELOPMENT_TEAM = 49F6BP78T2;
				ENABLE_BITCODE = NO;
				INFOPLIST_FILE = WeChat_Test/Info.plist;
				MONKEYDEV_ADD_SUBSTRATE = YES;
				MONKEYDEV_CLASS_DUMP = YES;
				MONKEYDEV_DEFAULT_BUNDLEID = NO;
				MONKEYDEV_INSERT_DYLIB = YES;
				MONKEYDEV_RESTORE_SYMBOL = NO;
				MONKEYDEV_TARGET_APP = WeChat;
				PODS_CONFIGURATION_BUILD_DIR = "$BUILD_DIR/$(CONFIGURATION)$(EFFECTIVE_PLATFORM_NAME)";
				PODS_ROOT = "${SRCROOT}/Pods";
				PRODUCT_BUNDLE_IDENTIFIER = ash.WeChat.Test;
				PRODUCT_NAME = "$(TARGET_NAME)";
				TARGETED_DEVICE_FAMILY = "1,2";
			};
			name = Release;
		};
/* End XCBuildConfiguration section */

/* Begin XCConfigurationList section */
		5E483ED522AD13D9009ACD69 /* Build configuration list for PBXProject "WeChat_Test" */ = {
			isa = XCConfigurationList;
			buildConfigurations = (
				5E483F3622AD13D9009ACD69 /* Debug */,
				5E483F3722AD13D9009ACD69 /* Release */,
			);
			defaultConfigurationIsVisible = 0;
			defaultConfigurationName = Release;
		};
		5E483F3822AD13D9009ACD69 /* Build configuration list for PBXNativeTarget "WeChat_TestDylib" */ = {
			isa = XCConfigurationList;
			buildConfigurations = (
				5E483F3922AD13D9009ACD69 /* Debug */,
				5E483F3A22AD13D9009ACD69 /* Release */,
			);
			defaultConfigurationIsVisible = 0;
			defaultConfigurationName = Release;
		};
		5E483F3B22AD13D9009ACD69 /* Build configuration list for PBXNativeTarget "WeChat_Test" */ = {
			isa = XCConfigurationList;
			buildConfigurations = (
				5E483F3C22AD13D9009ACD69 /* Debug */,
				5E483F3D22AD13D9009ACD69 /* Release */,
			);
			defaultConfigurationIsVisible = 0;
			defaultConfigurationName = Release;
		};
/* End XCConfigurationList section */
	};
	rootObject = 5E483ED222AD13D9009ACD69 /* Project object */;
}
